
Microsoft Visual Studio Solution File, Format Version 12.00
# Visual Studio Version 16
VisualStudioVersion = 16.0.35325.158
MinimumVisualStudioVersion = 10.0.40219.1
Project("{FAE04EC0-301F-11D3-BF4B-00C04F79EFBC}") = "Insert_Data_rom_Excel_To_Datagridview", "Insert_Data_rom_Excel_To_Datagridview\Insert_Data_rom_Excel_To_Datagridview.csproj", "{7E667F01-EBDA-475D-9267-1495744D27BC}"
EndProject
Global
	GlobalSection(SolutionConfigurationPlatforms) = preSolution
		Debug|Any CPU = Debug|Any CPU
		Release|Any CPU = Release|Any CPU
	EndGlobalSection
	GlobalSection(ProjectConfigurationPlatforms) = postSolution
		{7E667F01-EBDA-475D-9267-1495744D27BC}.Debug|Any CPU.ActiveCfg = Debug|Any CPU
		{7E667F01-EBDA-475D-9267-1495744D27BC}.Debug|Any CPU.Build.0 = Debug|Any CPU
		{7E667F01-EBDA-475D-9267-1495744D27BC}.Release|Any CPU.ActiveCfg = Release|Any CPU
		{7E667F01-EBDA-475D-9267-1495744D27BC}.Release|Any CPU.Build.0 = Release|Any CPU
	EndGlobalSection
	GlobalSection(SolutionProperties) = preSolution
		HideSolutionNode = FALSE
	EndGlobalSection
	GlobalSection(ExtensibilityGlobals) = postSolution
		SolutionGuid = {956AB4FD-37AD-4646-B681-99FBD66E592C}
	EndGlobalSection
EndGlobal
